// !$*UTF8*$!
{
	archiveVersion = 1;
	classes = {
	};
	objectVersion = 46;
	objects = {

/* Begin PBXBuildFile section */
		565EDF7B1E5C292F0052CDBA /* AppDelegate.swift in Sources */ = {isa = PBXBuildFile; fileRef = 565EDF7A1E5C292F0052CDBA /* AppDelegate.swift */; };
		565EDF801E5C292F0052CDBA /* Main.storyboard in Resources */ = {isa = PBXBuildFile; fileRef = 565EDF7E1E5C292F0052CDBA /* Main.storyboard */; };
		565EDF831E5C292F0052CDBA /* TestingTablewithSearchBar.xcdatamodeld in Sources */ = {isa = PBXBuildFile; fileRef = 565EDF811E5C292F0052CDBA /* TestingTablewithSearchBar.xcdatamodeld */; };
		565EDF851E5C292F0052CDBA /* Assets.xcassets in Resources */ = {isa = PBXBuildFile; fileRef = 565EDF841E5C292F0052CDBA /* Assets.xcassets */; };
		565EDF881E5C292F0052CDBA /* LaunchScreen.storyboard in Resources */ = {isa = PBXBuildFile; fileRef = 565EDF861E5C292F0052CDBA /* LaunchScreen.storyboard */; };
		565EDF931E5C292F0052CDBA /* TestingTablewithSearchBarTests.swift in Sources */ = {isa = PBXBuildFile; fileRef = 565EDF921E5C292F0052CDBA /* TestingTablewithSearchBarTests.swift */; };
		565EDF9E1E5C292F0052CDBA /* TestingTablewithSearchBarUITests.swift in Sources */ = {isa = PBXBuildFile; fileRef = 565EDF9D1E5C292F0052CDBA /* TestingTablewithSearchBarUITests.swift */; };
		565EDFAE1E5CA82B0052CDBA /* TestingTableViewController.swift in Sources */ = {isa = PBXBuildFile; fileRef = 565EDFAD1E5CA82B0052CDBA /* TestingTableViewController.swift */; };
		565EDFB01E5CB4D90052CDBA /* DetailViewController.swift in Sources */ = {isa = PBXBuildFile; fileRef = 565EDFAF1E5CB4D90052CDBA /* DetailViewController.swift */; };
		56CAFB181E5D546E003021E0 /* AddScreenViewController.swift in Sources */ = {isa = PBXBuildFile; fileRef = 56CAFB171E5D546E003021E0 /* AddScreenViewController.swift */; };
/* End PBXBuildFile section */

/* Begin PBXContainerItemProxy section */
		565EDF8F1E5C292F0052CDBA /* PBXContainerItemProxy */ = {
			isa = PBXContainerItemProxy;
			containerPortal = 565EDF6F1E5C292F0052CDBA /* Project object */;
			proxyType = 1;
			remoteGlobalIDString = 565EDF761E5C292F0052CDBA;
			remoteInfo = TestingTablewithSearchBar;
		};
		565EDF9A1E5C292F0052CDBA /* PBXContainerItemProxy */ = {
			isa = PBXContainerItemProxy;
			containerPortal = 565EDF6F1E5C292F0052CDBA /* Project object */;
			proxyType = 1;
			remoteGlobalIDString = 565EDF761E5C292F0052CDBA;
			remoteInfo = TestingTablewithSearchBar;
		};
/* End PBXContainerItemProxy section */

/* Begin PBXFileReference section */
		565EDF771E5C292F0052CDBA /* TestingTablewithSearchBar.app */ = {isa = PBXFileReference; explicitFileType = wrapper.application; includeInIndex = 0; path = TestingTablewithSearchBar.app; sourceTree = BUILT_PRODUCTS_DIR; };
		565EDF7A1E5C292F0052CDBA /* AppDelegate.swift */ = {isa = PBXFileReference; lastKnownFileType = sourcecode.swift; path = AppDelegate.swift; sourceTree = "<group>"; };
		565EDF7F1E5C292F0052CDBA /* Base */ = {isa = PBXFileReference; lastKnownFileType = file.storyboard; name = Base; path = Base.lproj/Main.storyboard; sourceTree = "<group>"; };
		565EDF821E5C292F0052CDBA /* TestingTablewithSearchBar.xcdatamodel */ = {isa = PBXFileReference; lastKnownFileType = wrapper.xcdatamodel; path = TestingTablewithSearchBar.xcdatamodel; sourceTree = "<group>"; };
		565EDF841E5C292F0052CDBA /* Assets.xcassets */ = {isa = PBXFileReference; lastKnownFileType = folder.assetcatalog; path = Assets.xcassets; sourceTree = "<group>"; };
		565EDF871E5C292F0052CDBA /* Base */ = {isa = PBXFileReference; lastKnownFileType = file.storyboard; name = Base; path = Base.lproj/LaunchScreen.storyboard; sourceTree = "<group>"; };
		565EDF891E5C292F0052CDBA /* Info.plist */ = {isa = PBXFileReference; lastKnownFileType = text.plist.xml; path = Info.plist; sourceTree = "<group>"; };
		565EDF8E1E5C292F0052CDBA /* TestingTablewithSearchBarTests.xctest */ = {isa = PBXFileReference; explicitFileType = wrapper.cfbundle; includeInIndex = 0; path = TestingTablewithSearchBarTests.xctest; sourceTree = BUILT_PRODUCTS_DIR; };
		565EDF921E5C292F0052CDBA /* TestingTablewithSearchBarTests.swift */ = {isa = PBXFileReference; lastKnownFileType = sourcecode.swift; path = TestingTablewithSearchBarTests.swift; sourceTree = "<group>"; };
		565EDF941E5C292F0052CDBA /* Info.plist */ = {isa = PBXFileReference; lastKnownFileType = text.plist.xml; path = Info.plist; sourceTree = "<group>"; };
		565EDF991E5C292F0052CDBA /* TestingTablewithSearchBarUITests.xctest */ = {isa = PBXFileReference; explicitFileType = wrapper.cfbundle; includeInIndex = 0; path = TestingTablewithSearchBarUITests.xctest; sourceTree = BUILT_PRODUCTS_DIR; };
		565EDF9D1E5C292F0052CDBA /* TestingTablewithSearchBarUITests.swift */ = {isa = PBXFileReference; lastKnownFileType = sourcecode.swift; path = TestingTablewithSearchBarUITests.swift; sourceTree = "<group>"; };
		565EDF9F1E5C292F0052CDBA /* Info.plist */ = {isa = PBXFileReference; lastKnownFileType = text.plist.xml; path = Info.plist; sourceTree = "<group>"; };
		565EDFAD1E5CA82B0052CDBA /* TestingTableViewController.swift */ = {isa = PBXFileReference; fileEncoding = 4; lastKnownFileType = sourcecode.swift; name = TestingTableViewController.swift; path = ../TestingTableViewController.swift; sourceTree = "<group>"; };
		565EDFAF1E5CB4D90052CDBA /* DetailViewController.swift */ = {isa = PBXFileReference; fileEncoding = 4; lastKnownFileType = sourcecode.swift; path = DetailViewController.swift; sourceTree = "<group>"; };
		56CAFB171E5D546E003021E0 /* AddScreenViewController.swift */ = {isa = PBXFileReference; fileEncoding = 4; lastKnownFileType = sourcecode.swift; path = AddScreenViewController.swift; sourceTree = "<group>"; };
/* End PBXFileReference section */

/* Begin PBXFrameworksBuildPhase section */
		565EDF741E5C292F0052CDBA /* Frameworks */ = {
			isa = PBXFrameworksBuildPhase;
			buildActionMask = 2147483647;
			files = (
			);
			runOnlyForDeploymentPostprocessing = 0;
		};
		565EDF8B1E5C292F0052CDBA /* Frameworks */ = {
			isa = PBXFrameworksBuildPhase;
			buildActionMask = 2147483647;
			files = (
			);
			runOnlyForDeploymentPostprocessing = 0;
		};
		565EDF961E5C292F0052CDBA /* Frameworks */ = {
			isa = PBXFrameworksBuildPhase;
			buildActionMask = 2147483647;
			files = (
			);
			runOnlyForDeploymentPostprocessing = 0;
		};
/* End PBXFrameworksBuildPhase section */

/* Begin PBXGroup section */
		565EDF6E1E5C292F0052CDBA = {
			isa = PBXGroup;
			children = (
				565EDF791E5C292F0052CDBA /* TestingTablewithSearchBar */,
				565EDF911E5C292F0052CDBA /* TestingTablewithSearchBarTests */,
				565EDF9C1E5C292F0052CDBA /* TestingTablewithSearchBarUITests */,
				565EDF781E5C292F0052CDBA /* Products */,
			);
			sourceTree = "<group>";
		};
		565EDF781E5C292F0052CDBA /* Products */ = {
			isa = PBXGroup;
			children = (
				565EDF771E5C292F0052CDBA /* TestingTablewithSearchBar.app */,
				565EDF8E1E5C292F0052CDBA /* TestingTablewithSearchBarTests.xctest */,
				565EDF991E5C292F0052CDBA /* TestingTablewithSearchBarUITests.xctest */,
			);
			name = Products;
			sourceTree = "<group>";
		};
		565EDF791E5C292F0052CDBA /* TestingTablewithSearchBar */ = {
			isa = PBXGroup;
			children = (
				565EDF7A1E5C292F0052CDBA /* AppDelegate.swift */,
				565EDF7E1E5C292F0052CDBA /* Main.storyboard */,
				565EDFAD1E5CA82B0052CDBA /* TestingTableViewController.swift */,
				56CAFB171E5D546E003021E0 /* AddScreenViewController.swift */,
				565EDF841E5C292F0052CDBA /* Assets.xcassets */,
				565EDF861E5C292F0052CDBA /* LaunchScreen.storyboard */,
				565EDF891E5C292F0052CDBA /* Info.plist */,
				565EDF811E5C292F0052CDBA /* TestingTablewithSearchBar.xcdatamodeld */,
				565EDFAF1E5CB4D90052CDBA /* DetailViewController.swift */,
			);
			path = TestingTablewithSearchBar;
			sourceTree = "<group>";
		};
		565EDF911E5C292F0052CDBA /* TestingTablewithSearchBarTests */ = {
			isa = PBXGroup;
			children = (
				565EDF921E5C292F0052CDBA /* TestingTablewithSearchBarTests.swift */,
				565EDF941E5C292F0052CDBA /* Info.plist */,
			);
			path = TestingTablewithSearchBarTests;
			sourceTree = "<group>";
		};
		565EDF9C1E5C292F0052CDBA /* TestingTablewithSearchBarUITests */ = {
			isa = PBXGroup;
			children = (
				565EDF9D1E5C292F0052CDBA /* TestingTablewithSearchBarUITests.swift */,
				565EDF9F1E5C292F0052CDBA /* Info.plist */,
			);
			path = TestingTablewithSearchBarUITests;
			sourceTree = "<group>";
		};
/* End PBXGroup section */

/* Begin PBXNativeTarget section */
		565EDF761E5C292F0052CDBA /* TestingTablewithSearchBar */ = {
			isa = PBXNativeTarget;
			buildConfigurationList = 565EDFA21E5C292F0052CDBA /* Build configuration list for PBXNativeTarget "TestingTablewithSearchBar" */;
			buildPhases = (
				565EDF731E5C292F0052CDBA /* Sources */,
				565EDF741E5C292F0052CDBA /* Frameworks */,
				565EDF751E5C292F0052CDBA /* Resources */,
			);
			buildRules = (
			);
			dependencies = (
			);
			name = TestingTablewithSearchBar;
			productName = TestingTablewithSearchBar;
			productReference = 565EDF771E5C292F0052CDBA /* TestingTablewithSearchBar.app */;
			productType = "com.apple.product-type.application";
		};
		565EDF8D1E5C292F0052CDBA /* TestingTablewithSearchBarTests */ = {
			isa = PBXNativeTarget;
			buildConfigurationList = 565EDFA51E5C292F0052CDBA /* Build configuration list for PBXNativeTarget "TestingTablewithSearchBarTests" */;
			buildPhases = (
				565EDF8A1E5C292F0052CDBA /* Sources */,
				565EDF8B1E5C292F0052CDBA /* Frameworks */,
				565EDF8C1E5C292F0052CDBA /* Resources */,
			);
			buildRules = (
			);
			dependencies = (
				565EDF901E5C292F0052CDBA /* PBXTargetDependency */,
			);
			name = TestingTablewithSearchBarTests;
			productName = TestingTablewithSearchBarTests;
			productReference = 565EDF8E1E5C292F0052CDBA /* TestingTablewithSearchBarTests.xctest */;
			productType = "com.apple.product-type.bundle.unit-test";
		};
		565EDF981E5C292F0052CDBA /* TestingTablewithSearchBarUITests */ = {
			isa = PBXNativeTarget;
			buildConfigurationList = 565EDFA81E5C292F0052CDBA /* Build configuration list for PBXNativeTarget "TestingTablewithSearchBarUITests" */;
			buildPhases = (
				565EDF951E5C292F0052CDBA /* Sources */,
				565EDF961E5C292F0052CDBA /* Frameworks */,
				565EDF971E5C292F0052CDBA /* Resources */,
			);
			buildRules = (
			);
			dependencies = (
				565EDF9B1E5C292F0052CDBA /* PBXTargetDependency */,
			);
			name = TestingTablewithSearchBarUITests;
			productName = TestingTablewithSearchBarUITests;
			productReference = 565EDF991E5C292F0052CDBA /* TestingTablewithSearchBarUITests.xctest */;
			productType = "com.apple.product-type.bundle.ui-testing";
		};
/* End PBXNativeTarget section */

/* Begin PBXProject section */
		565EDF6F1E5C292F0052CDBA /* Project object */ = {
			isa = PBXProject;
			attributes = {
				LastSwiftUpdateCheck = 0820;
				LastUpgradeCheck = 0820;
				ORGANIZATIONNAME = "LwinLwin Oo";
				TargetAttributes = {
					565EDF761E5C292F0052CDBA = {
						CreatedOnToolsVersion = 8.2.1;
						ProvisioningStyle = Automatic;
					};
					565EDF8D1E5C292F0052CDBA = {
						CreatedOnToolsVersion = 8.2.1;
						ProvisioningStyle = Automatic;
						TestTargetID = 565EDF761E5C292F0052CDBA;
					};
					565EDF981E5C292F0052CDBA = {
						CreatedOnToolsVersion = 8.2.1;
						ProvisioningStyle = Automatic;
						TestTargetID = 565EDF761E5C292F0052CDBA;
					};
				};
			};
			buildConfigurationList = 565EDF721E5C292F0052CDBA /* Build configuration list for PBXProject "TestingTablewithSearchBar" */;
			compatibilityVersion = "Xcode 3.2";
			developmentRegion = English;
			hasScannedForEncodings = 0;
			knownRegions = (
				en,
				Base,
			);
			mainGroup = 565EDF6E1E5C292F0052CDBA;
			productRefGroup = 565EDF781E5C292F0052CDBA /* Products */;
			projectDirPath = "";
			projectRoot = "";
			targets = (
				565EDF761E5C292F0052CDBA /* TestingTablewithSearchBar */,
				565EDF8D1E5C292F0052CDBA /* TestingTablewithSearchBarTests */,
				565EDF981E5C292F0052CDBA /* TestingTablewithSearchBarUITests */,
			);
		};
/* End PBXProject section */

/* Begin PBXResourcesBuildPhase section */
		565EDF751E5C292F0052CDBA /* Resources */ = {
			isa = PBXResourcesBuildPhase;
			buildActionMask = 2147483647;
			files = (
				565EDF881E5C292F0052CDBA /* LaunchScreen.storyboard in Resources */,
				565EDF851E5C292F0052CDBA /* Assets.xcassets in Resources */,
				565EDF801E5C292F0052CDBA /* Main.storyboard in Resources */,
			);
			runOnlyForDeploymentPostprocessing = 0;
		};
		565EDF8C1E5C292F0052CDBA /* Resources */ = {
			isa = PBXResourcesBuildPhase;
			buildActionMask = 2147483647;
			files = (
			);
			runOnlyForDeploymentPostprocessing = 0;
		};
		565EDF971E5C292F0052CDBA /* Resources */ = {
			isa = PBXResourcesBuildPhase;
			buildActionMask = 2147483647;
			files = (
			);
			runOnlyForDeploymentPostprocessing = 0;
		};
/* End PBXResourcesBuildPhase section */

/* Begin PBXSourcesBuildPhase section */
		565EDF731E5C292F0052CDBA /* Sources */ = {
			isa = PBXSourcesBuildPhase;
			buildActionMask = 2147483647;
			files = (
				565EDF7B1E5C292F0052CDBA /* AppDelegate.swift in Sources */,
				565EDF831E5C292F0052CDBA /* TestingTablewithSearchBar.xcdatamodeld in Sources */,
				565EDFAE1E5CA82B0052CDBA /* TestingTableViewController.swift in Sources */,
				565EDFB01E5CB4D90052CDBA /* DetailViewController.swift in Sources */,
				56CAFB181E5D546E003021E0 /* AddScreenViewController.swift in Sources */,
			);
			runOnlyForDeploymentPostprocessing = 0;
		};
		565EDF8A1E5C292F0052CDBA /* Sources */ = {
			isa = PBXSourcesBuildPhase;
			buildActionMask = 2147483647;
			files = (
				565EDF931E5C292F0052CDBA /* TestingTablewithSearchBarTests.swift in Sources */,
			);
			runOnlyForDeploymentPostprocessing = 0;
		};
		565EDF951E5C292F0052CDBA /* Sources */ = {
			isa = PBXSourcesBuildPhase;
			buildActionMask = 2147483647;
			files = (
				565EDF9E1E5C292F0052CDBA /* TestingTablewithSearchBarUITests.swift in Sources */,
			);
			runOnlyForDeploymentPostprocessing = 0;
		};
/* End PBXSourcesBuildPhase section */

/* Begin PBXTargetDependency section */
		565EDF901E5C292F0052CDBA /* PBXTargetDependency */ = {
			isa = PBXTargetDependency;
			target = 565EDF761E5C292F0052CDBA /* TestingTablewithSearchBar */;
			targetProxy = 565EDF8F1E5C292F0052CDBA /* PBXContainerItemProxy */;
		};
		565EDF9B1E5C292F0052CDBA /* PBXTargetDependency */ = {
			isa = PBXTargetDependency;
			target = 565EDF761E5C292F0052CDBA /* TestingTablewithSearchBar */;
			targetProxy = 565EDF9A1E5C292F0052CDBA /* PBXContainerItemProxy */;
		};
/* End PBXTargetDependency section */

/* Begin PBXVariantGroup section */
		565EDF7E1E5C292F0052CDBA /* Main.storyboard */ = {
			isa = PBXVariantGroup;
			children = (
				565EDF7F1E5C292F0052CDBA /* Base */,
			);
			name = Main.storyboard;
			sourceTree = "<group>";
		};
		565EDF861E5C292F0052CDBA /* LaunchScreen.storyboard */ = {
			isa = PBXVariantGroup;
			children = (
				565EDF871E5C292F0052CDBA /* Base */,
			);
			name = LaunchScreen.storyboard;
			sourceTree = "<group>";
		};
/* End PBXVariantGroup section */

/* Begin XCBuildConfiguration section */
		565EDFA01E5C292F0052CDBA /* Debug */ = {
			isa = XCBuildConfiguration;
			buildSettings = {
				ALWAYS_SEARCH_USER_PATHS = NO;
				CLANG_ANALYZER_NONNULL = YES;
				CLANG_CXX_LANGUAGE_STANDARD = "gnu++0x";
				CLANG_CXX_LIBRARY = "libc++";
				CLANG_ENABLE_MODULES = YES;
				CLANG_ENABLE_OBJC_ARC = YES;
				CLANG_WARN_BOOL_CONVERSION = YES;
				CLANG_WARN_CONSTANT_CONVERSION = YES;
				CLANG_WARN_DIRECT_OBJC_ISA_USAGE = YES_ERROR;
				CLANG_WARN_DOCUMENTATION_COMMENTS = YES;
				CLANG_WARN_EMPTY_BODY = YES;
				CLANG_WARN_ENUM_CONVERSION = YES;
				CLANG_WARN_INFINITE_RECURSION = YES;
				CLANG_WARN_INT_CONVERSION = YES;
				CLANG_WARN_OBJC_ROOT_CLASS = YES_ERROR;
				CLANG_WARN_SUSPICIOUS_MOVE = YES;
				CLANG_WARN_UNREACHABLE_CODE = YES;
				CLANG_WARN__DUPLICATE_METHOD_MATCH = YES;
				"CODE_SIGN_IDENTITY[sdk=iphoneos*]" = "iPhone Developer";
				COPY_PHASE_STRIP = NO;
				DEBUG_INFORMATION_FORMAT = dwarf;
				ENABLE_STRICT_OBJC_MSGSEND = YES;
				ENABLE_TESTABILITY = YES;
				GCC_C_LANGUAGE_STANDARD = gnu99;
				GCC_DYNAMIC_NO_PIC = NO;
				GCC_NO_COMMON_BLOCKS = YES;
				GCC_OPTIMIZATION_LEVEL = 0;
				GCC_PREPROCESSOR_DEFINITIONS = (
					"DEBUG=1",
					"$(inherited)",
				);
				GCC_WARN_64_TO_32_BIT_CONVERSION = YES;
				GCC_WARN_ABOUT_RETURN_TYPE = YES_ERROR;
				GCC_WARN_UNDECLARED_SELECTOR = YES;
				GCC_WARN_UNINITIALIZED_AUTOS = YES_AGGRESSIVE;
				GCC_WARN_UNUSED_FUNCTION = YES;
				GCC_WARN_UNUSED_VARIABLE = YES;
				IPHONEOS_DEPLOYMENT_TARGET = 10.2;
				MTL_ENABLE_DEBUG_INFO = YES;
				ONLY_ACTIVE_ARCH = YES;
				SDKROOT = iphoneos;
				SWIFT_ACTIVE_COMPILATION_CONDITIONS = DEBUG;
				SWIFT_OPTIMIZATION_LEVEL = "-Onone";
				TARGETED_DEVICE_FAMILY = "1,2";
			};
			name = Debug;
		};
		565EDFA11E5C292F0052CDBA /* Release */ = {
			isa = XCBuildConfiguration;
			buildSettings = {
				ALWAYS_SEARCH_USER_PATHS = NO;
				CLANG_ANALYZER_NONNULL = YES;
				CLANG_CXX_LANGUAGE_STANDARD = "gnu++0x";
				CLANG_CXX_LIBRARY = "libc++";
				CLANG_ENABLE_MODULES = YES;
				CLANG_ENABLE_OBJC_ARC = YES;
				CLANG_WARN_BOOL_CONVERSION = YES;
				CLANG_WARN_CONSTANT_CONVERSION = YES;
				CLANG_WARN_DIRECT_OBJC_ISA_USAGE = YES_ERROR;
				CLANG_WARN_DOCUMENTATION_COMMENTS = YES;
				CLANG_WARN_EMPTY_BODY = YES;
				CLANG_WARN_ENUM_CONVERSION = YES;
				CLANG_WARN_INFINITE_RECURSION = YES;
				CLANG_WARN_INT_CONVERSION = YES;
				CLANG_WARN_OBJC_ROOT_CLASS = YES_ERROR;
				CLANG_WARN_SUSPICIOUS_MOVE = YES;
				CLANG_WARN_UNREACHABLE_CODE = YES;
				CLANG_WARN__DUPLICATE_METHOD_MATCH = YES;
				"CODE_SIGN_IDENTITY[sdk=iphoneos*]" = "iPhone Developer";
				COPY_PHASE_STRIP = NO;
				DEBUG_INFORMATION_FORMAT = "dwarf-with-dsym";
				ENABLE_NS_ASSERTIONS = NO;
				ENABLE_STRICT_OBJC_MSGSEND = YES;
				GCC_C_LANGUAGE_STANDARD = gnu99;
				GCC_NO_COMMON_BLOCKS = YES;
				GCC_WARN_64_TO_32_BIT_CONVERSION = YES;
				GCC_WARN_ABOUT_RETURN_TYPE = YES_ERROR;
				GCC_WARN_UNDECLARED_SELECTOR = YES;
				GCC_WARN_UNINITIALIZED_AUTOS = YES_AGGRESSIVE;
				GCC_WARN_UNUSED_FUNCTION = YES;
				GCC_WARN_UNUSED_VARIABLE = YES;
				IPHONEOS_DEPLOYMENT_TARGET = 10.2;
				MTL_ENABLE_DEBUG_INFO = NO;
				SDKROOT = iphoneos;
				SWIFT_OPTIMIZATION_LEVEL = "-Owholemodule";
				TARGETED_DEVICE_FAMILY = "1,2";
				VALIDATE_PRODUCT = YES;
			};
			name = Release;
		};
		565EDFA31E5C292F0052CDBA /* Debug */ = {
			isa = XCBuildConfiguration;
			buildSettings = {
				ASSETCATALOG_COMPILER_APPICON_NAME = AppIcon;
				INFOPLIST_FILE = TestingTablewithSearchBar/Info.plist;
				LD_RUNPATH_SEARCH_PATHS = "$(inherited) @executable_path/Frameworks";
				PRODUCT_BUNDLE_IDENTIFIER = com.lwinlwinoo.TestingTablewithSearchBar;
				PRODUCT_NAME = "$(TARGET_NAME)";
				SWIFT_VERSION = 3.0;
			};
			name = Debug;
		};
		565EDFA41E5C292F0052CDBA /* Release */ = {
			isa = XCBuildConfiguration;
			buildSettings = {
				ASSETCATALOG_COMPILER_APPICON_NAME = AppIcon;
				INFOPLIST_FILE = TestingTablewithSearchBar/Info.plist;
				LD_RUNPATH_SEARCH_PATHS = "$(inherited) @executable_path/Frameworks";
				PRODUCT_BUNDLE_IDENTIFIER = com.lwinlwinoo.TestingTablewithSearchBar;
				PRODUCT_NAME = "$(TARGET_NAME)";
				SWIFT_VERSION = 3.0;
			};
			name = Release;
		};
		565EDFA61E5C292F0052CDBA /* Debug */ = {
			isa = XCBuildConfiguration;
			buildSettings = {
				ALWAYS_EMBED_SWIFT_STANDARD_LIBRARIES = YES;
				BUNDLE_LOADER = "$(TEST_HOST)";
				INFOPLIST_FILE = TestingTablewithSearchBarTests/Info.plist;
				LD_RUNPATH_SEARCH_PATHS = "$(inherited) @executable_path/Frameworks @loader_path/Frameworks";
				PRODUCT_BUNDLE_IDENTIFIER = com.lwinlwinoo.TestingTablewithSearchBarTests;
				PRODUCT_NAME = "$(TARGET_NAME)";
				SWIFT_VERSION = 3.0;
				TEST_HOST = "$(BUILT_PRODUCTS_DIR)/TestingTablewithSearchBar.app/TestingTablewithSearchBar";
			};
			name = Debug;
		};
		565EDFA71E5C292F0052CDBA /* Release */ = {
			isa = XCBuildConfiguration;
			buildSettings = {
				ALWAYS_EMBED_SWIFT_STANDARD_LIBRARIES = YES;
				BUNDLE_LOADER = "$(TEST_HOST)";
				INFOPLIST_FILE = TestingTablewithSearchBarTests/Info.plist;
				LD_RUNPATH_SEARCH_PATHS = "$(inherited) @executable_path/Frameworks @loader_path/Frameworks";
				PRODUCT_BUNDLE_IDENTIFIER = com.lwinlwinoo.TestingTablewithSearchBarTests;
				PRODUCT_NAME = "$(TARGET_NAME)";
				SWIFT_VERSION = 3.0;
				TEST_HOST = "$(BUILT_PRODUCTS_DIR)/TestingTablewithSearchBar.app/TestingTablewithSearchBar";
			};
			name = Release;
		};
		565EDFA91E5C292F0052CDBA /* Debug */ = {
			isa = XCBuildConfiguration;
			buildSettings = {
				ALWAYS_EMBED_SWIFT_STANDARD_LIBRARIES = YES;
				INFOPLIST_FILE = TestingTablewithSearchBarUITests/Info.plist;
				LD_RUNPATH_SEARCH_PATHS = "$(inherited) @executable_path/Frameworks @loader_path/Frameworks";
				PRODUCT_BUNDLE_IDENTIFIER = com.lwinlwinoo.TestingTablewithSearchBarUITests;
				PRODUCT_NAME = "$(TARGET_NAME)";
				SWIFT_VERSION = 3.0;
				TEST_TARGET_NAME = TestingTablewithSearchBar;
			};
			name = Debug;
		};
		565EDFAA1E5C292F0052CDBA /* Release */ = {
			isa = XCBuildConfiguration;
			buildSettings = {
				ALWAYS_EMBED_SWIFT_STANDARD_LIBRARIES = YES;
				INFOPLIST_FILE = TestingTablewithSearchBarUITests/Info.plist;
				LD_RUNPATH_SEARCH_PATHS = "$(inherited) @executable_path/Frameworks @loader_path/Frameworks";
				PRODUCT_BUNDLE_IDENTIFIER = com.lwinlwinoo.TestingTablewithSearchBarUITests;
				PRODUCT_NAME = "$(TARGET_NAME)";
				SWIFT_VERSION = 3.0;
				TEST_TARGET_NAME = TestingTablewithSearchBar;
			};
			name = Release;
		};
/* End XCBuildConfiguration section */

/* Begin XCConfigurationList section */
		565EDF721E5C292F0052CDBA /* Build configuration list for PBXProject "TestingTablewithSearchBar" */ = {
			isa = XCConfigurationList;
			buildConfigurations = (
				565EDFA01E5C292F0052CDBA /* Debug */,
				565EDFA11E5C292F0052CDBA /* Release */,
			);
			defaultConfigurationIsVisible = 0;
			defaultConfigurationName = Release;
		};
		565EDFA21E5C292F0052CDBA /* Build configuration list for PBXNativeTarget "TestingTablewithSearchBar" */ = {
			isa = XCConfigurationList;
			buildConfigurations = (
				565EDFA31E5C292F0052CDBA /* Debug */,
				565EDFA41E5C292F0052CDBA /* Release */,
			);
			defaultConfigurationIsVisible = 0;
			defaultConfigurationName = Release;
		};
		565EDFA51E5C292F0052CDBA /* Build configuration list for PBXNativeTarget "TestingTablewithSearchBarTests" */ = {
			isa = XCConfigurationList;
			buildConfigurations = (
				565EDFA61E5C292F0052CDBA /* Debug */,
				565EDFA71E5C292F0052CDBA /* Release */,
			);
			defaultConfigurationIsVisible = 0;
			defaultConfigurationName = Release;
		};
		565EDFA81E5C292F0052CDBA /* Build configuration list for PBXNativeTarget "TestingTablewithSearchBarUITests" */ = {
			isa = XCConfigurationList;
			buildConfigurations = (
				565EDFA91E5C292F0052CDBA /* Debug */,
				565EDFAA1E5C292F0052CDBA /* Release */,
			);
			defaultConfigurationIsVisible = 0;
			defaultConfigurationName = Release;
		};
/* End XCConfigurationList section */

/* Begin XCVersionGroup section */
		565EDF811E5C292F0052CDBA /* TestingTablewithSearchBar.xcdatamodeld */ = {
			isa = XCVersionGroup;
			children = (
				565EDF821E5C292F0052CDBA /* TestingTablewithSearchBar.xcdatamodel */,
			);
			currentVersion = 565EDF821E5C292F0052CDBA /* TestingTablewithSearchBar.xcdatamodel */;
			path = TestingTablewithSearchBar.xcdatamodeld;
			sourceTree = "<group>";
			versionGroupType = wrapper.xcdatamodel;
		};
/* End XCVersionGroup section */
	};
	rootObject = 565EDF6F1E5C292F0052CDBA /* Project object */;
}
